
Microsoft Visual Studio Solution File, Format Version 12.00
# Visual Studio Version 17
VisualStudioVersion = 17.13.35919.96 d17.13
MinimumVisualStudioVersion = 10.0.40219.1
Project("{FAE04EC0-301F-11D3-BF4B-00C04F79EFBC}") = "dayone", "dayone.csproj", "{CE7654F9-A027-4844-AF38-71ED1E043B8E}"
EndProject
Global
	GlobalSection(SolutionConfigurationPlatforms) = preSolution
		Debug|Any CPU = Debug|Any CPU
		Release|Any CPU = Release|Any CPU
	EndGlobalSection
	GlobalSection(ProjectConfigurationPlatforms) = postSolution
		{CE7654F9-A027-4844-AF38-71ED1E043B8E}.Debug|Any CPU.ActiveCfg = Debug|Any CPU
		{CE7654F9-A027-4844-AF38-71ED1E043B8E}.Debug|Any CPU.Build.0 = Debug|Any CPU
		{CE7654F9-A027-4844-AF38-71ED1E043B8E}.Release|Any CPU.ActiveCfg = Release|Any CPU
		{CE7654F9-A027-4844-AF38-71ED1E043B8E}.Release|Any CPU.Build.0 = Release|Any CPU
	EndGlobalSection
	GlobalSection(SolutionProperties) = preSolution
		HideSolutionNode = FALSE
	EndGlobalSection
	GlobalSection(ExtensibilityGlobals) = postSolution
		SolutionGuid = {649064CE-25B9-4269-A256-F28071B4548D}
	EndGlobalSection
EndGlobal
